
Microsoft Visual Studio Solution File, Format Version 12.00
# Visual Studio Version 17
VisualStudioVersion = 17.11.35312.102
MinimumVisualStudioVersion = 10.0.40219.1
Project("{FAE04EC0-301F-11D3-BF4B-00C04F79EFBC}") = "mp3Downloader", "mp3Downloader\mp3Downloader.csproj", "{EEEBCC2E-55B9-4245-BC14-7303D7E1D385}"
EndProject
Global
	GlobalSection(SolutionConfigurationPlatforms) = preSolution
		Debug|Any CPU = Debug|Any CPU
		Release|Any CPU = Release|Any CPU
	EndGlobalSection
	GlobalSection(ProjectConfigurationPlatforms) = postSolution
		{EEEBCC2E-55B9-4245-BC14-7303D7E1D385}.Debug|Any CPU.ActiveCfg = Debug|Any CPU
		{EEEBCC2E-55B9-4245-BC14-7303D7E1D385}.Debug|Any CPU.Build.0 = Debug|Any CPU
		{EEEBCC2E-55B9-4245-BC14-7303D7E1D385}.Release|Any CPU.ActiveCfg = Release|Any CPU
		{EEEBCC2E-55B9-4245-BC14-7303D7E1D385}.Release|Any CPU.Build.0 = Release|Any CPU
	EndGlobalSection
	GlobalSection(SolutionProperties) = preSolution
		HideSolutionNode = FALSE
	EndGlobalSection
	GlobalSection(ExtensibilityGlobals) = postSolution
		SolutionGuid = {431B224E-F4BF-46AC-82B6-C7FA31DE34F4}
	EndGlobalSection
EndGlobal
